# THIS IS AN AUTOGENERATED FILE. DO NOT EDIT THIS FILE DIRECTLY.
# yarn lockfile v1


turbo-darwin-64@2.2.0:
  version "2.2.0"
  resolved "https://registry.yarnpkg.com/turbo-darwin-64/-/turbo-darwin-64-2.2.0.tgz#72baad78eaeeb3378386abd59f4de8c1e25f45fd"
  integrity sha512-mJK+7hpvGsxyXfx2UTdewisXGIikRORoj25OKagsNw7dE7D1j0HnfWrjguIshlmFoQu18E5ipbdUAzjHdQGPkg==

turbo-darwin-arm64@2.2.0:
  version "2.2.0"
  resolved "https://registry.yarnpkg.com/turbo-darwin-arm64/-/turbo-darwin-arm64-2.2.0.tgz#8a867e8baadd11833e16c5ef2d91f88241f7a293"
  integrity sha512-uStU2I1aMSj8/ord3gNXdr/k1Xk+pflfMPS4d/oQUAPld8L9plbQ8JSgoXsFoJYyU9vhTeXkjLkpnQxXoGnb9w==

turbo-linux-64@2.2.0:
  version "2.2.0"
  resolved "https://registry.yarnpkg.com/turbo-linux-64/-/turbo-linux-64-2.2.0.tgz#b6604d2804dd8c0ddd4faa8848680439a00d0af0"
  integrity sha512-dVy/hquEDBy7trsSb5TynDGeS2iqcI9QTfC2kLZnsgPo6WWURXESN+AFChGxgZ2yp2CKrj5eZhnHdtRbP0a5EQ==

turbo-linux-arm64@2.2.0:
  version "2.2.0"
  resolved "https://registry.yarnpkg.com/turbo-linux-arm64/-/turbo-linux-arm64-2.2.0.tgz#ce666ef15da9e859c944cf525fe1492a93cdf81f"
  integrity sha512-YuCmCBQsvH8RZGDBqFXOm49UY3mJFRahQ7J8IT4KQX3O8zIPTu84715ILUTznElhlYY7IKoqfenovVzYFzEbMQ==

turbo-windows-64@2.2.0:
  version "2.2.0"
  resolved "https://registry.yarnpkg.com/turbo-windows-64/-/turbo-windows-64-2.2.0.tgz#42da6e444be289e63ec7c03289ed0d0335e40c4b"
  integrity sha512-6WegPi7hEbKuQXR/VGJXGO0jV9tm+dyRNH6e3Edb3DMaa8ThnzfjxMmrvQwLbGgMNvjBRBEKAHhOAnE6FXdPew==

turbo-windows-arm64@2.2.0:
  version "2.2.0"
  resolved "https://registry.yarnpkg.com/turbo-windows-arm64/-/turbo-windows-arm64-2.2.0.tgz#6ae1ae7bef23336744749b60ec167718122c44a3"
  integrity sha512-kmk+A3aUy4dWhTVzW1itrWRtIilv4dFNRThfucBNYRL4Huyug+8qdX51iJjKyHMi0x51rcND62lukWWtFZhCSA==

turbo@^2.2.0:
  version "2.2.0"
  resolved "https://registry.yarnpkg.com/turbo/-/turbo-2.2.0.tgz#49be598337679451ff04ec2ba8442a5cb94c3ab7"
  integrity sha512-uyr+tFAKDKWIpihuUVYpEvuzQ3Pc+kICf0fbRzzc/86ram74azvwTXplzRQ+BUv8zTjwIRKNhrH5L4q0rgJyMw==
  optionalDependencies:
    turbo-darwin-64 "2.2.0"
    turbo-darwin-arm64 "2.2.0"
    turbo-linux-64 "2.2.0"
    turbo-linux-arm64 "2.2.0"
    turbo-windows-64 "2.2.0"
    turbo-windows-arm64 "2.2.0"
